
Microsoft Visual Studio Solution File, Format Version 12.00
# Visual Studio Version 17
VisualStudioVersion = 17.4.33122.133
MinimumVisualStudioVersion = 10.0.40219.1
Project("{FAE04EC0-301F-11D3-BF4B-00C04F79EFBC}") = "DogProject5", "DogProject5\DogProject5.csproj", "{74514B4B-29B5-409F-8BF6-CDC59E2FCE92}"
EndProject
Global
	GlobalSection(SolutionConfigurationPlatforms) = preSolution
		Debug|Any CPU = Debug|Any CPU
		Release|Any CPU = Release|Any CPU
	EndGlobalSection
	GlobalSection(ProjectConfigurationPlatforms) = postSolution
		{74514B4B-29B5-409F-8BF6-CDC59E2FCE92}.Debug|Any CPU.ActiveCfg = Debug|Any CPU
		{74514B4B-29B5-409F-8BF6-CDC59E2FCE92}.Debug|Any CPU.Build.0 = Debug|Any CPU
		{74514B4B-29B5-409F-8BF6-CDC59E2FCE92}.Release|Any CPU.ActiveCfg = Release|Any CPU
		{74514B4B-29B5-409F-8BF6-CDC59E2FCE92}.Release|Any CPU.Build.0 = Release|Any CPU
	EndGlobalSection
	GlobalSection(SolutionProperties) = preSolution
		HideSolutionNode = FALSE
	EndGlobalSection
	GlobalSection(ExtensibilityGlobals) = postSolution
		SolutionGuid = {EC8B04C4-C2EF-4AAE-B460-4D9628929839}
	EndGlobalSection
EndGlobal
